
Microsoft Visual Studio Solution File, Format Version 12.00
# Visual Studio Version 16
VisualStudioVersion = 16.0.30114.105
MinimumVisualStudioVersion = 10.0.40219.1
Project("{FAE04EC0-301F-11D3-BF4B-00C04F79EFBC}") = "FinalProjectSubmission", "FinalProjectSubmission\FinalProjectSubmission.csproj", "{A87C4F62-4C26-48A5-9285-CFF4D0DCB8F6}"
EndProject
Project("{2150E333-8FDC-42A3-9474-1A3956D46DE8}") = "Solution Items", "Solution Items", "{8135E7BC-3E39-4978-A921-6720CD19474D}"
	ProjectSection(SolutionItems) = preProject
		Class1.cs = Class1.cs
	EndProjectSection
EndProject
Global
	GlobalSection(SolutionConfigurationPlatforms) = preSolution
		Debug|Any CPU = Debug|Any CPU
		Release|Any CPU = Release|Any CPU
	EndGlobalSection
	GlobalSection(ProjectConfigurationPlatforms) = postSolution
		{A87C4F62-4C26-48A5-9285-CFF4D0DCB8F6}.Debug|Any CPU.ActiveCfg = Debug|Any CPU
		{A87C4F62-4C26-48A5-9285-CFF4D0DCB8F6}.Debug|Any CPU.Build.0 = Debug|Any CPU
		{A87C4F62-4C26-48A5-9285-CFF4D0DCB8F6}.Release|Any CPU.ActiveCfg = Release|Any CPU
		{A87C4F62-4C26-48A5-9285-CFF4D0DCB8F6}.Release|Any CPU.Build.0 = Release|Any CPU
	EndGlobalSection
	GlobalSection(SolutionProperties) = preSolution
		HideSolutionNode = FALSE
	EndGlobalSection
	GlobalSection(ExtensibilityGlobals) = postSolution
		SolutionGuid = {23179408-0045-44E6-AF44-A916FA5968F0}
	EndGlobalSection
EndGlobal
